// !$*UTF8*$!
{
	archiveVersion = 1;
	classes = {
	};
	objectVersion = 56;
	objects = {

/* Begin PBXBuildFile section */
		168F33742B1A63E80096E884 /* CloudKit_taught_by_DorothyApp.swift in Sources */ = {isa = PBXBuildFile; fileRef = 168F33732B1A63E80096E884 /* CloudKit_taught_by_DorothyApp.swift */; };
		168F33762B1A63E80096E884 /* ContentView.swift in Sources */ = {isa = PBXBuildFile; fileRef = 168F33752B1A63E80096E884 /* ContentView.swift */; };
		168F33782B1A63EA0096E884 /* Assets.xcassets in Resources */ = {isa = PBXBuildFile; fileRef = 168F33772B1A63EA0096E884 /* Assets.xcassets */; };
		168F337B2B1A63EA0096E884 /* Preview Assets.xcassets in Resources */ = {isa = PBXBuildFile; fileRef = 168F337A2B1A63EA0096E884 /* Preview Assets.xcassets */; };
		168F33832B1A65130096E884 /* Post.swift in Sources */ = {isa = PBXBuildFile; fileRef = 168F33822B1A65130096E884 /* Post.swift */; };
		168F33852B1A66B20096E884 /* CloudKitService.swift in Sources */ = {isa = PBXBuildFile; fileRef = 168F33842B1A66B20096E884 /* CloudKitService.swift */; };
		168F33872B1A68A30096E884 /* CKViewModel.swift in Sources */ = {isa = PBXBuildFile; fileRef = 168F33862B1A68A30096E884 /* CKViewModel.swift */; };
/* End PBXBuildFile section */

/* Begin PBXFileReference section */
		168F33702B1A63E80096E884 /* CloudKit taught by Dorothy.app */ = {isa = PBXFileReference; explicitFileType = wrapper.application; includeInIndex = 0; path = "CloudKit taught by Dorothy.app"; sourceTree = BUILT_PRODUCTS_DIR; };
		168F33732B1A63E80096E884 /* CloudKit_taught_by_DorothyApp.swift */ = {isa = PBXFileReference; lastKnownFileType = sourcecode.swift; path = CloudKit_taught_by_DorothyApp.swift; sourceTree = "<group>"; };
		168F33752B1A63E80096E884 /* ContentView.swift */ = {isa = PBXFileReference; lastKnownFileType = sourcecode.swift; path = ContentView.swift; sourceTree = "<group>"; };
		168F33772B1A63EA0096E884 /* Assets.xcassets */ = {isa = PBXFileReference; lastKnownFileType = folder.assetcatalog; path = Assets.xcassets; sourceTree = "<group>"; };
		168F337A2B1A63EA0096E884 /* Preview Assets.xcassets */ = {isa = PBXFileReference; lastKnownFileType = folder.assetcatalog; path = "Preview Assets.xcassets"; sourceTree = "<group>"; };
		168F33812B1A640B0096E884 /* CloudKit taught by Dorothy.entitlements */ = {isa = PBXFileReference; lastKnownFileType = text.plist.entitlements; path = "CloudKit taught by Dorothy.entitlements"; sourceTree = "<group>"; };
		168F33822B1A65130096E884 /* Post.swift */ = {isa = PBXFileReference; lastKnownFileType = sourcecode.swift; path = Post.swift; sourceTree = "<group>"; };
		168F33842B1A66B20096E884 /* CloudKitService.swift */ = {isa = PBXFileReference; lastKnownFileType = sourcecode.swift; path = CloudKitService.swift; sourceTree = "<group>"; };
		168F33862B1A68A30096E884 /* CKViewModel.swift */ = {isa = PBXFileReference; lastKnownFileType = sourcecode.swift; path = CKViewModel.swift; sourceTree = "<group>"; };
/* End PBXFileReference section */

/* Begin PBXFrameworksBuildPhase section */
		168F336D2B1A63E80096E884 /* Frameworks */ = {
			isa = PBXFrameworksBuildPhase;
			buildActionMask = 2147483647;
			files = (
			);
			runOnlyForDeploymentPostprocessing = 0;
		};
/* End PBXFrameworksBuildPhase section */

/* Begin PBXGroup section */
		168F33672B1A63E80096E884 = {
			isa = PBXGroup;
			children = (
				168F33722B1A63E80096E884 /* CloudKit taught by Dorothy */,
				168F33712B1A63E80096E884 /* Products */,
			);
			sourceTree = "<group>";
		};
		168F33712B1A63E80096E884 /* Products */ = {
			isa = PBXGroup;
			children = (
				168F33702B1A63E80096E884 /* CloudKit taught by Dorothy.app */,
			);
			name = Products;
			sourceTree = "<group>";
		};
		168F33722B1A63E80096E884 /* CloudKit taught by Dorothy */ = {
			isa = PBXGroup;
			children = (
				168F33812B1A640B0096E884 /* CloudKit taught by Dorothy.entitlements */,
				168F33732B1A63E80096E884 /* CloudKit_taught_by_DorothyApp.swift */,
				168F33752B1A63E80096E884 /* ContentView.swift */,
				168F33822B1A65130096E884 /* Post.swift */,
				168F33842B1A66B20096E884 /* CloudKitService.swift */,
				168F33862B1A68A30096E884 /* CKViewModel.swift */,
				168F33772B1A63EA0096E884 /* Assets.xcassets */,
				168F33792B1A63EA0096E884 /* Preview Content */,
			);
			path = "CloudKit taught by Dorothy";
			sourceTree = "<group>";
		};
		168F33792B1A63EA0096E884 /* Preview Content */ = {
			isa = PBXGroup;
			children = (
				168F337A2B1A63EA0096E884 /* Preview Assets.xcassets */,
			);
			path = "Preview Content";
			sourceTree = "<group>";
		};
/* End PBXGroup section */

/* Begin PBXNativeTarget section */
		168F336F2B1A63E80096E884 /* CloudKit taught by Dorothy */ = {
			isa = PBXNativeTarget;
			buildConfigurationList = 168F337E2B1A63EA0096E884 /* Build configuration list for PBXNativeTarget "CloudKit taught by Dorothy" */;
			buildPhases = (
				168F336C2B1A63E80096E884 /* Sources */,
				168F336D2B1A63E80096E884 /* Frameworks */,
				168F336E2B1A63E80096E884 /* Resources */,
			);
			buildRules = (
			);
			dependencies = (
			);
			name = "CloudKit taught by Dorothy";
			productName = "CloudKit taught by Dorothy";
			productReference = 168F33702B1A63E80096E884 /* CloudKit taught by Dorothy.app */;
			productType = "com.apple.product-type.application";
		};
/* End PBXNativeTarget section */

/* Begin PBXProject section */
		168F33682B1A63E80096E884 /* Project object */ = {
			isa = PBXProject;
			attributes = {
				BuildIndependentTargetsInParallel = 1;
				LastSwiftUpdateCheck = 1500;
				LastUpgradeCheck = 1500;
				TargetAttributes = {
					168F336F2B1A63E80096E884 = {
						CreatedOnToolsVersion = 15.0;
					};
				};
			};
			buildConfigurationList = 168F336B2B1A63E80096E884 /* Build configuration list for PBXProject "CloudKit taught by Dorothy" */;
			compatibilityVersion = "Xcode 14.0";
			developmentRegion = en;
			hasScannedForEncodings = 0;
			knownRegions = (
				en,
				Base,
			);
			mainGroup = 168F33672B1A63E80096E884;
			productRefGroup = 168F33712B1A63E80096E884 /* Products */;
			projectDirPath = "";
			projectRoot = "";
			targets = (
				168F336F2B1A63E80096E884 /* CloudKit taught by Dorothy */,
			);
		};
/* End PBXProject section */

/* Begin PBXResourcesBuildPhase section */
		168F336E2B1A63E80096E884 /* Resources */ = {
			isa = PBXResourcesBuildPhase;
			buildActionMask = 2147483647;
			files = (
				168F337B2B1A63EA0096E884 /* Preview Assets.xcassets in Resources */,
				168F33782B1A63EA0096E884 /* Assets.xcassets in Resources */,
			);
			runOnlyForDeploymentPostprocessing = 0;
		};
/* End PBXResourcesBuildPhase section */

/* Begin PBXSourcesBuildPhase section */
		168F336C2B1A63E80096E884 /* Sources */ = {
			isa = PBXSourcesBuildPhase;
			buildActionMask = 2147483647;
			files = (
				168F33852B1A66B20096E884 /* CloudKitService.swift in Sources */,
				168F33832B1A65130096E884 /* Post.swift in Sources */,
				168F33872B1A68A30096E884 /* CKViewModel.swift in Sources */,
				168F33762B1A63E80096E884 /* ContentView.swift in Sources */,
				168F33742B1A63E80096E884 /* CloudKit_taught_by_DorothyApp.swift in Sources */,
			);
			runOnlyForDeploymentPostprocessing = 0;
		};
/* End PBXSourcesBuildPhase section */

/* Begin XCBuildConfiguration section */
		168F337C2B1A63EA0096E884 /* Debug */ = {
			isa = XCBuildConfiguration;
			buildSettings = {
				ALWAYS_SEARCH_USER_PATHS = NO;
				ASSETCATALOG_COMPILER_GENERATE_SWIFT_ASSET_SYMBOL_EXTENSIONS = YES;
				CLANG_ANALYZER_NONNULL = YES;
				CLANG_ANALYZER_NUMBER_OBJECT_CONVERSION = YES_AGGRESSIVE;
				CLANG_CXX_LANGUAGE_STANDARD = "gnu++20";
				CLANG_ENABLE_MODULES = YES;
				CLANG_ENABLE_OBJC_ARC = YES;
				CLANG_ENABLE_OBJC_WEAK = YES;
				CLANG_WARN_BLOCK_CAPTURE_AUTORELEASING = YES;
				CLANG_WARN_BOOL_CONVERSION = YES;
				CLANG_WARN_COMMA = YES;
				CLANG_WARN_CONSTANT_CONVERSION = YES;
				CLANG_WARN_DEPRECATED_OBJC_IMPLEMENTATIONS = YES;
				CLANG_WARN_DIRECT_OBJC_ISA_USAGE = YES_ERROR;
				CLANG_WARN_DOCUMENTATION_COMMENTS = YES;
				CLANG_WARN_EMPTY_BODY = YES;
				CLANG_WARN_ENUM_CONVERSION = YES;
				CLANG_WARN_INFINITE_RECURSION = YES;
				CLANG_WARN_INT_CONVERSION = YES;
				CLANG_WARN_NON_LITERAL_NULL_CONVERSION = YES;
				CLANG_WARN_OBJC_IMPLICIT_RETAIN_SELF = YES;
				CLANG_WARN_OBJC_LITERAL_CONVERSION = YES;
				CLANG_WARN_OBJC_ROOT_CLASS = YES_ERROR;
				CLANG_WARN_QUOTED_INCLUDE_IN_FRAMEWORK_HEADER = YES;
				CLANG_WARN_RANGE_LOOP_ANALYSIS = YES;
				CLANG_WARN_STRICT_PROTOTYPES = YES;
				CLANG_WARN_SUSPICIOUS_MOVE = YES;
				CLANG_WARN_UNGUARDED_AVAILABILITY = YES_AGGRESSIVE;
				CLANG_WARN_UNREACHABLE_CODE = YES;
				CLANG_WARN__DUPLICATE_METHOD_MATCH = YES;
				COPY_PHASE_STRIP = NO;
				DEBUG_INFORMATION_FORMAT = dwarf;
				ENABLE_STRICT_OBJC_MSGSEND = YES;
				ENABLE_TESTABILITY = YES;
				ENABLE_USER_SCRIPT_SANDBOXING = YES;
				GCC_C_LANGUAGE_STANDARD = gnu17;
				GCC_DYNAMIC_NO_PIC = NO;
				GCC_NO_COMMON_BLOCKS = YES;
				GCC_OPTIMIZATION_LEVEL = 0;
				GCC_PREPROCESSOR_DEFINITIONS = (
					"DEBUG=1",
					"$(inherited)",
				);
				GCC_WARN_64_TO_32_BIT_CONVERSION = YES;
				GCC_WARN_ABOUT_RETURN_TYPE = YES_ERROR;
				GCC_WARN_UNDECLARED_SELECTOR = YES;
				GCC_WARN_UNINITIALIZED_AUTOS = YES_AGGRESSIVE;
				GCC_WARN_UNUSED_FUNCTION = YES;
				GCC_WARN_UNUSED_VARIABLE = YES;
				IPHONEOS_DEPLOYMENT_TARGET = 17.0;
				LOCALIZATION_PREFERS_STRING_CATALOGS = YES;
				MTL_ENABLE_DEBUG_INFO = INCLUDE_SOURCE;
				MTL_FAST_MATH = YES;
				ONLY_ACTIVE_ARCH = YES;
				SDKROOT = iphoneos;
				SWIFT_ACTIVE_COMPILATION_CONDITIONS = "DEBUG $(inherited)";
				SWIFT_OPTIMIZATION_LEVEL = "-Onone";
			};
			name = Debug;
		};
		168F337D2B1A63EA0096E884 /* Release */ = {
			isa = XCBuildConfiguration;
			buildSettings = {
				ALWAYS_SEARCH_USER_PATHS = NO;
				ASSETCATALOG_COMPILER_GENERATE_SWIFT_ASSET_SYMBOL_EXTENSIONS = YES;
				CLANG_ANALYZER_NONNULL = YES;
				CLANG_ANALYZER_NUMBER_OBJECT_CONVERSION = YES_AGGRESSIVE;
				CLANG_CXX_LANGUAGE_STANDARD = "gnu++20";
				CLANG_ENABLE_MODULES = YES;
				CLANG_ENABLE_OBJC_ARC = YES;
				CLANG_ENABLE_OBJC_WEAK = YES;
				CLANG_WARN_BLOCK_CAPTURE_AUTORELEASING = YES;
				CLANG_WARN_BOOL_CONVERSION = YES;
				CLANG_WARN_COMMA = YES;
				CLANG_WARN_CONSTANT_CONVERSION = YES;
				CLANG_WARN_DEPRECATED_OBJC_IMPLEMENTATIONS = YES;
				CLANG_WARN_DIRECT_OBJC_ISA_USAGE = YES_ERROR;
				CLANG_WARN_DOCUMENTATION_COMMENTS = YES;
				CLANG_WARN_EMPTY_BODY = YES;
				CLANG_WARN_ENUM_CONVERSION = YES;
				CLANG_WARN_INFINITE_RECURSION = YES;
				CLANG_WARN_INT_CONVERSION = YES;
				CLANG_WARN_NON_LITERAL_NULL_CONVERSION = YES;
				CLANG_WARN_OBJC_IMPLICIT_RETAIN_SELF = YES;
				CLANG_WARN_OBJC_LITERAL_CONVERSION = YES;
				CLANG_WARN_OBJC_ROOT_CLASS = YES_ERROR;
				CLANG_WARN_QUOTED_INCLUDE_IN_FRAMEWORK_HEADER = YES;
				CLANG_WARN_RANGE_LOOP_ANALYSIS = YES;
				CLANG_WARN_STRICT_PROTOTYPES = YES;
				CLANG_WARN_SUSPICIOUS_MOVE = YES;
				CLANG_WARN_UNGUARDED_AVAILABILITY = YES_AGGRESSIVE;
				CLANG_WARN_UNREACHABLE_CODE = YES;
				CLANG_WARN__DUPLICATE_METHOD_MATCH = YES;
				COPY_PHASE_STRIP = NO;
				DEBUG_INFORMATION_FORMAT = "dwarf-with-dsym";
				ENABLE_NS_ASSERTIONS = NO;
				ENABLE_STRICT_OBJC_MSGSEND = YES;
				ENABLE_USER_SCRIPT_SANDBOXING = YES;
				GCC_C_LANGUAGE_STANDARD = gnu17;
				GCC_NO_COMMON_BLOCKS = YES;
				GCC_WARN_64_TO_32_BIT_CONVERSION = YES;
				GCC_WARN_ABOUT_RETURN_TYPE = YES_ERROR;
				GCC_WARN_UNDECLARED_SELECTOR = YES;
				GCC_WARN_UNINITIALIZED_AUTOS = YES_AGGRESSIVE;
				GCC_WARN_UNUSED_FUNCTION = YES;
				GCC_WARN_UNUSED_VARIABLE = YES;
				IPHONEOS_DEPLOYMENT_TARGET = 17.0;
				LOCALIZATION_PREFERS_STRING_CATALOGS = YES;
				MTL_ENABLE_DEBUG_INFO = NO;
				MTL_FAST_MATH = YES;
				SDKROOT = iphoneos;
				SWIFT_COMPILATION_MODE = wholemodule;
				VALIDATE_PRODUCT = YES;
			};
			name = Release;
		};
		168F337F2B1A63EA0096E884 /* Debug */ = {
			isa = XCBuildConfiguration;
			buildSettings = {
				ASSETCATALOG_COMPILER_APPICON_NAME = AppIcon;
				ASSETCATALOG_COMPILER_GLOBAL_ACCENT_COLOR_NAME = AccentColor;
				CODE_SIGN_ENTITLEMENTS = "CloudKit taught by Dorothy/CloudKit taught by Dorothy.entitlements";
				CODE_SIGN_STYLE = Automatic;
				CURRENT_PROJECT_VERSION = 1;
				DEVELOPMENT_ASSET_PATHS = "\"CloudKit taught by Dorothy/Preview Content\"";
				DEVELOPMENT_TEAM = MGX4V5XP6T;
				ENABLE_PREVIEWS = YES;
				GENERATE_INFOPLIST_FILE = YES;
				INFOPLIST_KEY_UIApplicationSceneManifest_Generation = YES;
				INFOPLIST_KEY_UIApplicationSupportsIndirectInputEvents = YES;
				INFOPLIST_KEY_UILaunchScreen_Generation = YES;
				INFOPLIST_KEY_UISupportedInterfaceOrientations_iPad = "UIInterfaceOrientationPortrait UIInterfaceOrientationPortraitUpsideDown UIInterfaceOrientationLandscapeLeft UIInterfaceOrientationLandscapeRight";
				INFOPLIST_KEY_UISupportedInterfaceOrientations_iPhone = "UIInterfaceOrientationPortrait UIInterfaceOrientationLandscapeLeft UIInterfaceOrientationLandscapeRight";
				LD_RUNPATH_SEARCH_PATHS = (
					"$(inherited)",
					"@executable_path/Frameworks",
				);
				MARKETING_VERSION = 1.0;
				PRODUCT_BUNDLE_IDENTIFIER = "com.hoover.CloudKit-taught-by-Dorothy";
				PRODUCT_NAME = "$(TARGET_NAME)";
				SWIFT_EMIT_LOC_STRINGS = YES;
				SWIFT_VERSION = 5.0;
				TARGETED_DEVICE_FAMILY = "1,2";
			};
			name = Debug;
		};
		168F33802B1A63EA0096E884 /* Release */ = {
			isa = XCBuildConfiguration;
			buildSettings = {
				ASSETCATALOG_COMPILER_APPICON_NAME = AppIcon;
				ASSETCATALOG_COMPILER_GLOBAL_ACCENT_COLOR_NAME = AccentColor;
				CODE_SIGN_ENTITLEMENTS = "CloudKit taught by Dorothy/CloudKit taught by Dorothy.entitlements";
				CODE_SIGN_STYLE = Automatic;
				CURRENT_PROJECT_VERSION = 1;
				DEVELOPMENT_ASSET_PATHS = "\"CloudKit taught by Dorothy/Preview Content\"";
				DEVELOPMENT_TEAM = MGX4V5XP6T;
				ENABLE_PREVIEWS = YES;
				GENERATE_INFOPLIST_FILE = YES;
				INFOPLIST_KEY_UIApplicationSceneManifest_Generation = YES;
				INFOPLIST_KEY_UIApplicationSupportsIndirectInputEvents = YES;
				INFOPLIST_KEY_UILaunchScreen_Generation = YES;
				INFOPLIST_KEY_UISupportedInterfaceOrientations_iPad = "UIInterfaceOrientationPortrait UIInterfaceOrientationPortraitUpsideDown UIInterfaceOrientationLandscapeLeft UIInterfaceOrientationLandscapeRight";
				INFOPLIST_KEY_UISupportedInterfaceOrientations_iPhone = "UIInterfaceOrientationPortrait UIInterfaceOrientationLandscapeLeft UIInterfaceOrientationLandscapeRight";
				LD_RUNPATH_SEARCH_PATHS = (
					"$(inherited)",
					"@executable_path/Frameworks",
				);
				MARKETING_VERSION = 1.0;
				PRODUCT_BUNDLE_IDENTIFIER = "com.hoover.CloudKit-taught-by-Dorothy";
				PRODUCT_NAME = "$(TARGET_NAME)";
				SWIFT_EMIT_LOC_STRINGS = YES;
				SWIFT_VERSION = 5.0;
				TARGETED_DEVICE_FAMILY = "1,2";
			};
			name = Release;
		};
/* End XCBuildConfiguration section */

/* Begin XCConfigurationList section */
		168F336B2B1A63E80096E884 /* Build configuration list for PBXProject "CloudKit taught by Dorothy" */ = {
			isa = XCConfigurationList;
			buildConfigurations = (
				168F337C2B1A63EA0096E884 /* Debug */,
				168F337D2B1A63EA0096E884 /* Release */,
			);
			defaultConfigurationIsVisible = 0;
			defaultConfigurationName = Release;
		};
		168F337E2B1A63EA0096E884 /* Build configuration list for PBXNativeTarget "CloudKit taught by Dorothy" */ = {
			isa = XCConfigurationList;
			buildConfigurations = (
				168F337F2B1A63EA0096E884 /* Debug */,
				168F33802B1A63EA0096E884 /* Release */,
			);
			defaultConfigurationIsVisible = 0;
			defaultConfigurationName = Release;
		};
/* End XCConfigurationList section */
	};
	rootObject = 168F33682B1A63E80096E884 /* Project object */;
}
